
Microsoft Visual Studio Solution File, Format Version 12.00
# Visual Studio 15
VisualStudioVersion = 15.0.27130.2027
MinimumVisualStudioVersion = 10.0.40219.1
Project("{FAE04EC0-301F-11D3-BF4B-00C04F79EFBC}") = "Exercise01", "Exercise01\Exercise01.csproj", "{B181D1DC-618F-478E-9057-0CD86BEDE463}"
EndProject
Project("{FAE04EC0-301F-11D3-BF4B-00C04F79EFBC}") = "Exercise02", "Exercise02\Exercise02.csproj", "{6FB55425-F952-412B-B70A-0A5BC5D64628}"
EndProject
Global
	GlobalSection(SolutionConfigurationPlatforms) = preSolution
		Debug|Any CPU = Debug|Any CPU
		Release|Any CPU = Release|Any CPU
	EndGlobalSection
	GlobalSection(ProjectConfigurationPlatforms) = postSolution
		{B181D1DC-618F-478E-9057-0CD86BEDE463}.Debug|Any CPU.ActiveCfg = Debug|Any CPU
		{B181D1DC-618F-478E-9057-0CD86BEDE463}.Debug|Any CPU.Build.0 = Debug|Any CPU
		{B181D1DC-618F-478E-9057-0CD86BEDE463}.Release|Any CPU.ActiveCfg = Release|Any CPU
		{B181D1DC-618F-478E-9057-0CD86BEDE463}.Release|Any CPU.Build.0 = Release|Any CPU
		{6FB55425-F952-412B-B70A-0A5BC5D64628}.Debug|Any CPU.ActiveCfg = Debug|Any CPU
		{6FB55425-F952-412B-B70A-0A5BC5D64628}.Debug|Any CPU.Build.0 = Debug|Any CPU
		{6FB55425-F952-412B-B70A-0A5BC5D64628}.Release|Any CPU.ActiveCfg = Release|Any CPU
		{6FB55425-F952-412B-B70A-0A5BC5D64628}.Release|Any CPU.Build.0 = Release|Any CPU
	EndGlobalSection
	GlobalSection(SolutionProperties) = preSolution
		HideSolutionNode = FALSE
	EndGlobalSection
	GlobalSection(ExtensibilityGlobals) = postSolution
		SolutionGuid = {CD9BD63F-14CC-4013-B1D0-EB25A6BCC281}
	EndGlobalSection
EndGlobal
