
Microsoft Visual Studio Solution File, Format Version 12.00
# Visual Studio 15
VisualStudioVersion = 15.0.27130.2027
MinimumVisualStudioVersion = 10.0.40219.1
Project("{FAE04EC0-301F-11D3-BF4B-00C04F79EFBC}") = "Exercise01", "Exercise01\Exercise01.csproj", "{D6C4993F-DEDF-4BFB-A1F5-4AC353AA522B}"
EndProject
Project("{FAE04EC0-301F-11D3-BF4B-00C04F79EFBC}") = "Exercise02", "Exercise02\Exercise02.csproj", "{F160E05F-229C-4FE0-AEEA-FB4C3BA2EA52}"
EndProject
Project("{FAE04EC0-301F-11D3-BF4B-00C04F79EFBC}") = "Exercise03", "Exercise03\Exercise03.csproj", "{36993A76-B73C-451E-A239-A152086A3EB3}"
EndProject
Project("{FAE04EC0-301F-11D3-BF4B-00C04F79EFBC}") = "Exercise04", "Exercise04\Exercise04.csproj", "{B3041D42-591D-4ABD-93E4-B9638473E922}"
EndProject
Project("{FAE04EC0-301F-11D3-BF4B-00C04F79EFBC}") = "Exercise05", "Exercise05\Exercise05.csproj", "{D7C49D5C-0EDB-449D-8DB3-DE81523B5136}"
EndProject
Global
	GlobalSection(SolutionConfigurationPlatforms) = preSolution
		Debug|Any CPU = Debug|Any CPU
		Release|Any CPU = Release|Any CPU
	EndGlobalSection
	GlobalSection(ProjectConfigurationPlatforms) = postSolution
		{D6C4993F-DEDF-4BFB-A1F5-4AC353AA522B}.Debug|Any CPU.ActiveCfg = Debug|Any CPU
		{D6C4993F-DEDF-4BFB-A1F5-4AC353AA522B}.Debug|Any CPU.Build.0 = Debug|Any CPU
		{D6C4993F-DEDF-4BFB-A1F5-4AC353AA522B}.Release|Any CPU.ActiveCfg = Release|Any CPU
		{D6C4993F-DEDF-4BFB-A1F5-4AC353AA522B}.Release|Any CPU.Build.0 = Release|Any CPU
		{F160E05F-229C-4FE0-AEEA-FB4C3BA2EA52}.Debug|Any CPU.ActiveCfg = Debug|Any CPU
		{F160E05F-229C-4FE0-AEEA-FB4C3BA2EA52}.Debug|Any CPU.Build.0 = Debug|Any CPU
		{F160E05F-229C-4FE0-AEEA-FB4C3BA2EA52}.Release|Any CPU.ActiveCfg = Release|Any CPU
		{F160E05F-229C-4FE0-AEEA-FB4C3BA2EA52}.Release|Any CPU.Build.0 = Release|Any CPU
		{36993A76-B73C-451E-A239-A152086A3EB3}.Debug|Any CPU.ActiveCfg = Debug|Any CPU
		{36993A76-B73C-451E-A239-A152086A3EB3}.Debug|Any CPU.Build.0 = Debug|Any CPU
		{36993A76-B73C-451E-A239-A152086A3EB3}.Release|Any CPU.ActiveCfg = Release|Any CPU
		{36993A76-B73C-451E-A239-A152086A3EB3}.Release|Any CPU.Build.0 = Release|Any CPU
		{B3041D42-591D-4ABD-93E4-B9638473E922}.Debug|Any CPU.ActiveCfg = Debug|Any CPU
		{B3041D42-591D-4ABD-93E4-B9638473E922}.Debug|Any CPU.Build.0 = Debug|Any CPU
		{B3041D42-591D-4ABD-93E4-B9638473E922}.Release|Any CPU.ActiveCfg = Release|Any CPU
		{B3041D42-591D-4ABD-93E4-B9638473E922}.Release|Any CPU.Build.0 = Release|Any CPU
		{D7C49D5C-0EDB-449D-8DB3-DE81523B5136}.Debug|Any CPU.ActiveCfg = Debug|Any CPU
		{D7C49D5C-0EDB-449D-8DB3-DE81523B5136}.Debug|Any CPU.Build.0 = Debug|Any CPU
		{D7C49D5C-0EDB-449D-8DB3-DE81523B5136}.Release|Any CPU.ActiveCfg = Release|Any CPU
		{D7C49D5C-0EDB-449D-8DB3-DE81523B5136}.Release|Any CPU.Build.0 = Release|Any CPU
	EndGlobalSection
	GlobalSection(SolutionProperties) = preSolution
		HideSolutionNode = FALSE
	EndGlobalSection
	GlobalSection(ExtensibilityGlobals) = postSolution
		SolutionGuid = {6AACD96F-ACC9-4C4A-B3AA-6232A3F36A89}
	EndGlobalSection
EndGlobal
